
Microsoft Visual Studio Solution File, Format Version 12.00
# Visual Studio Version 16
VisualStudioVersion = 16.0.29613.14
MinimumVisualStudioVersion = 10.0.40219.1
Project("{FAE04EC0-301F-11D3-BF4B-00C04F79EFBC}") = "Assembler", "Assembler\Assembler.csproj", "{2973A682-D23C-4D4F-8841-E2911F187876}"
EndProject
Project("{FAE04EC0-301F-11D3-BF4B-00C04F79EFBC}") = "AssemblerTest", "AssemblerTest\AssemblerTest.csproj", "{38F932D1-109E-495E-9FF3-9615C5862F53}"
EndProject
Global
	GlobalSection(SolutionConfigurationPlatforms) = preSolution
		Debug|Any CPU = Debug|Any CPU
		Release|Any CPU = Release|Any CPU
	EndGlobalSection
	GlobalSection(ProjectConfigurationPlatforms) = postSolution
		{2973A682-D23C-4D4F-8841-E2911F187876}.Debug|Any CPU.ActiveCfg = Debug|Any CPU
		{2973A682-D23C-4D4F-8841-E2911F187876}.Debug|Any CPU.Build.0 = Debug|Any CPU
		{2973A682-D23C-4D4F-8841-E2911F187876}.Release|Any CPU.ActiveCfg = Release|Any CPU
		{2973A682-D23C-4D4F-8841-E2911F187876}.Release|Any CPU.Build.0 = Release|Any CPU
		{38F932D1-109E-495E-9FF3-9615C5862F53}.Debug|Any CPU.ActiveCfg = Debug|Any CPU
		{38F932D1-109E-495E-9FF3-9615C5862F53}.Debug|Any CPU.Build.0 = Debug|Any CPU
		{38F932D1-109E-495E-9FF3-9615C5862F53}.Release|Any CPU.ActiveCfg = Release|Any CPU
		{38F932D1-109E-495E-9FF3-9615C5862F53}.Release|Any CPU.Build.0 = Release|Any CPU
	EndGlobalSection
	GlobalSection(SolutionProperties) = preSolution
		HideSolutionNode = FALSE
	EndGlobalSection
	GlobalSection(ExtensibilityGlobals) = postSolution
		SolutionGuid = {72334B5F-D762-4049-B174-A9A1F0860443}
	EndGlobalSection
EndGlobal
